// !$*UTF8*$!
{
	archiveVersion = 1;
	classes = {
	};
	objectVersion = 46;
	objects = {

/* Begin PBXBuildFile section */
		24ECF3EA1BA5B2290013BC9C /* AppDelegate.swift in Sources */ = {isa = PBXBuildFile; fileRef = 24ECF3E91BA5B2290013BC9C /* AppDelegate.swift */; };
		24ECF3EC1BA5B2290013BC9C /* ViewController.swift in Sources */ = {isa = PBXBuildFile; fileRef = 24ECF3EB1BA5B2290013BC9C /* ViewController.swift */; };
		24ECF3EF1BA5B2290013BC9C /* Main.storyboard in Resources */ = {isa = PBXBuildFile; fileRef = 24ECF3ED1BA5B2290013BC9C /* Main.storyboard */; };
		24ECF3F11BA5B2290013BC9C /* Images.xcassets in Resources */ = {isa = PBXBuildFile; fileRef = 24ECF3F01BA5B2290013BC9C /* Images.xcassets */; };
		24ECF3F41BA5B2290013BC9C /* LaunchScreen.xib in Resources */ = {isa = PBXBuildFile; fileRef = 24ECF3F21BA5B2290013BC9C /* LaunchScreen.xib */; };
		24ECF4001BA5B2290013BC9C /* WelcomeVIewByScrollViewTests.swift in Sources */ = {isa = PBXBuildFile; fileRef = 24ECF3FF1BA5B2290013BC9C /* WelcomeVIewByScrollViewTests.swift */; };
/* End PBXBuildFile section */

/* Begin PBXContainerItemProxy section */
		24ECF3FA1BA5B2290013BC9C /* PBXContainerItemProxy */ = {
			isa = PBXContainerItemProxy;
			containerPortal = 24ECF3DC1BA5B2290013BC9C /* Project object */;
			proxyType = 1;
			remoteGlobalIDString = 24ECF3E31BA5B2290013BC9C;
			remoteInfo = WelcomeVIewByScrollView;
		};
/* End PBXContainerItemProxy section */

/* Begin PBXFileReference section */
		24ECF3E41BA5B2290013BC9C /* WelcomeVIewByScrollView.app */ = {isa = PBXFileReference; explicitFileType = wrapper.application; includeInIndex = 0; path = WelcomeVIewByScrollView.app; sourceTree = BUILT_PRODUCTS_DIR; };
		24ECF3E81BA5B2290013BC9C /* Info.plist */ = {isa = PBXFileReference; lastKnownFileType = text.plist.xml; path = Info.plist; sourceTree = "<group>"; };
		24ECF3E91BA5B2290013BC9C /* AppDelegate.swift */ = {isa = PBXFileReference; lastKnownFileType = sourcecode.swift; path = AppDelegate.swift; sourceTree = "<group>"; };
		24ECF3EB1BA5B2290013BC9C /* ViewController.swift */ = {isa = PBXFileReference; lastKnownFileType = sourcecode.swift; path = ViewController.swift; sourceTree = "<group>"; };
		24ECF3EE1BA5B2290013BC9C /* Base */ = {isa = PBXFileReference; lastKnownFileType = file.storyboard; name = Base; path = Base.lproj/Main.storyboard; sourceTree = "<group>"; };
		24ECF3F01BA5B2290013BC9C /* Images.xcassets */ = {isa = PBXFileReference; lastKnownFileType = folder.assetcatalog; path = Images.xcassets; sourceTree = "<group>"; };
		24ECF3F31BA5B2290013BC9C /* Base */ = {isa = PBXFileReference; lastKnownFileType = file.xib; name = Base; path = Base.lproj/LaunchScreen.xib; sourceTree = "<group>"; };
		24ECF3F91BA5B2290013BC9C /* WelcomeVIewByScrollViewTests.xctest */ = {isa = PBXFileReference; explicitFileType = wrapper.cfbundle; includeInIndex = 0; path = WelcomeVIewByScrollViewTests.xctest; sourceTree = BUILT_PRODUCTS_DIR; };
		24ECF3FE1BA5B2290013BC9C /* Info.plist */ = {isa = PBXFileReference; lastKnownFileType = text.plist.xml; path = Info.plist; sourceTree = "<group>"; };
		24ECF3FF1BA5B2290013BC9C /* WelcomeVIewByScrollViewTests.swift */ = {isa = PBXFileReference; lastKnownFileType = sourcecode.swift; path = WelcomeVIewByScrollViewTests.swift; sourceTree = "<group>"; };
/* End PBXFileReference section */

/* Begin PBXFrameworksBuildPhase section */
		24ECF3E11BA5B2290013BC9C /* Frameworks */ = {
			isa = PBXFrameworksBuildPhase;
			buildActionMask = 2147483647;
			files = (
			);
			runOnlyForDeploymentPostprocessing = 0;
		};
		24ECF3F61BA5B2290013BC9C /* Frameworks */ = {
			isa = PBXFrameworksBuildPhase;
			buildActionMask = 2147483647;
			files = (
			);
			runOnlyForDeploymentPostprocessing = 0;
		};
/* End PBXFrameworksBuildPhase section */

/* Begin PBXGroup section */
		24ECF3DB1BA5B2290013BC9C = {
			isa = PBXGroup;
			children = (
				24ECF3E61BA5B2290013BC9C /* WelcomeVIewByScrollView */,
				24ECF3FC1BA5B2290013BC9C /* WelcomeVIewByScrollViewTests */,
				24ECF3E51BA5B2290013BC9C /* Products */,
			);
			sourceTree = "<group>";
		};
		24ECF3E51BA5B2290013BC9C /* Products */ = {
			isa = PBXGroup;
			children = (
				24ECF3E41BA5B2290013BC9C /* WelcomeVIewByScrollView.app */,
				24ECF3F91BA5B2290013BC9C /* WelcomeVIewByScrollViewTests.xctest */,
			);
			name = Products;
			sourceTree = "<group>";
		};
		24ECF3E61BA5B2290013BC9C /* WelcomeVIewByScrollView */ = {
			isa = PBXGroup;
			children = (
				24ECF3E91BA5B2290013BC9C /* AppDelegate.swift */,
				24ECF3EB1BA5B2290013BC9C /* ViewController.swift */,
				24ECF3ED1BA5B2290013BC9C /* Main.storyboard */,
				24ECF3F01BA5B2290013BC9C /* Images.xcassets */,
				24ECF3F21BA5B2290013BC9C /* LaunchScreen.xib */,
				24ECF3E71BA5B2290013BC9C /* Supporting Files */,
			);
			path = WelcomeVIewByScrollView;
			sourceTree = "<group>";
		};
		24ECF3E71BA5B2290013BC9C /* Supporting Files */ = {
			isa = PBXGroup;
			children = (
				24ECF3E81BA5B2290013BC9C /* Info.plist */,
			);
			name = "Supporting Files";
			sourceTree = "<group>";
		};
		24ECF3FC1BA5B2290013BC9C /* WelcomeVIewByScrollViewTests */ = {
			isa = PBXGroup;
			children = (
				24ECF3FF1BA5B2290013BC9C /* WelcomeVIewByScrollViewTests.swift */,
				24ECF3FD1BA5B2290013BC9C /* Supporting Files */,
			);
			path = WelcomeVIewByScrollViewTests;
			sourceTree = "<group>";
		};
		24ECF3FD1BA5B2290013BC9C /* Supporting Files */ = {
			isa = PBXGroup;
			children = (
				24ECF3FE1BA5B2290013BC9C /* Info.plist */,
			);
			name = "Supporting Files";
			sourceTree = "<group>";
		};
/* End PBXGroup section */

/* Begin PBXNativeTarget section */
		24ECF3E31BA5B2290013BC9C /* WelcomeVIewByScrollView */ = {
			isa = PBXNativeTarget;
			buildConfigurationList = 24ECF4031BA5B2290013BC9C /* Build configuration list for PBXNativeTarget "WelcomeVIewByScrollView" */;
			buildPhases = (
				24ECF3E01BA5B2290013BC9C /* Sources */,
				24ECF3E11BA5B2290013BC9C /* Frameworks */,
				24ECF3E21BA5B2290013BC9C /* Resources */,
			);
			buildRules = (
			);
			dependencies = (
			);
			name = WelcomeVIewByScrollView;
			productName = WelcomeVIewByScrollView;
			productReference = 24ECF3E41BA5B2290013BC9C /* WelcomeVIewByScrollView.app */;
			productType = "com.apple.product-type.application";
		};
		24ECF3F81BA5B2290013BC9C /* WelcomeVIewByScrollViewTests */ = {
			isa = PBXNativeTarget;
			buildConfigurationList = 24ECF4061BA5B2290013BC9C /* Build configuration list for PBXNativeTarget "WelcomeVIewByScrollViewTests" */;
			buildPhases = (
				24ECF3F51BA5B2290013BC9C /* Sources */,
				24ECF3F61BA5B2290013BC9C /* Frameworks */,
				24ECF3F71BA5B2290013BC9C /* Resources */,
			);
			buildRules = (
			);
			dependencies = (
				24ECF3FB1BA5B2290013BC9C /* PBXTargetDependency */,
			);
			name = WelcomeVIewByScrollViewTests;
			productName = WelcomeVIewByScrollViewTests;
			productReference = 24ECF3F91BA5B2290013BC9C /* WelcomeVIewByScrollViewTests.xctest */;
			productType = "com.apple.product-type.bundle.unit-test";
		};
/* End PBXNativeTarget section */

/* Begin PBXProject section */
		24ECF3DC1BA5B2290013BC9C /* Project object */ = {
			isa = PBXProject;
			attributes = {
				LastUpgradeCheck = 0640;
				ORGANIZATIONNAME = Lily;
				TargetAttributes = {
					24ECF3E31BA5B2290013BC9C = {
						CreatedOnToolsVersion = 6.4;
					};
					24ECF3F81BA5B2290013BC9C = {
						CreatedOnToolsVersion = 6.4;
						TestTargetID = 24ECF3E31BA5B2290013BC9C;
					};
				};
			};
			buildConfigurationList = 24ECF3DF1BA5B2290013BC9C /* Build configuration list for PBXProject "WelcomeVIewByScrollView" */;
			compatibilityVersion = "Xcode 3.2";
			developmentRegion = English;
			hasScannedForEncodings = 0;
			knownRegions = (
				en,
				Base,
			);
			mainGroup = 24ECF3DB1BA5B2290013BC9C;
			productRefGroup = 24ECF3E51BA5B2290013BC9C /* Products */;
			projectDirPath = "";
			projectRoot = "";
			targets = (
				24ECF3E31BA5B2290013BC9C /* WelcomeVIewByScrollView */,
				24ECF3F81BA5B2290013BC9C /* WelcomeVIewByScrollViewTests */,
			);
		};
/* End PBXProject section */

/* Begin PBXResourcesBuildPhase section */
		24ECF3E21BA5B2290013BC9C /* Resources */ = {
			isa = PBXResourcesBuildPhase;
			buildActionMask = 2147483647;
			files = (
				24ECF3EF1BA5B2290013BC9C /* Main.storyboard in Resources */,
				24ECF3F41BA5B2290013BC9C /* LaunchScreen.xib in Resources */,
				24ECF3F11BA5B2290013BC9C /* Images.xcassets in Resources */,
			);
			runOnlyForDeploymentPostprocessing = 0;
		};
		24ECF3F71BA5B2290013BC9C /* Resources */ = {
			isa = PBXResourcesBuildPhase;
			buildActionMask = 2147483647;
			files = (
			);
			runOnlyForDeploymentPostprocessing = 0;
		};
/* End PBXResourcesBuildPhase section */

/* Begin PBXSourcesBuildPhase section */
		24ECF3E01BA5B2290013BC9C /* Sources */ = {
			isa = PBXSourcesBuildPhase;
			buildActionMask = 2147483647;
			files = (
				24ECF3EC1BA5B2290013BC9C /* ViewController.swift in Sources */,
				24ECF3EA1BA5B2290013BC9C /* AppDelegate.swift in Sources */,
			);
			runOnlyForDeploymentPostprocessing = 0;
		};
		24ECF3F51BA5B2290013BC9C /* Sources */ = {
			isa = PBXSourcesBuildPhase;
			buildActionMask = 2147483647;
			files = (
				24ECF4001BA5B2290013BC9C /* WelcomeVIewByScrollViewTests.swift in Sources */,
			);
			runOnlyForDeploymentPostprocessing = 0;
		};
/* End PBXSourcesBuildPhase section */

/* Begin PBXTargetDependency section */
		24ECF3FB1BA5B2290013BC9C /* PBXTargetDependency */ = {
			isa = PBXTargetDependency;
			target = 24ECF3E31BA5B2290013BC9C /* WelcomeVIewByScrollView */;
			targetProxy = 24ECF3FA1BA5B2290013BC9C /* PBXContainerItemProxy */;
		};
/* End PBXTargetDependency section */

/* Begin PBXVariantGroup section */
		24ECF3ED1BA5B2290013BC9C /* Main.storyboard */ = {
			isa = PBXVariantGroup;
			children = (
				24ECF3EE1BA5B2290013BC9C /* Base */,
			);
			name = Main.storyboard;
			sourceTree = "<group>";
		};
		24ECF3F21BA5B2290013BC9C /* LaunchScreen.xib */ = {
			isa = PBXVariantGroup;
			children = (
				24ECF3F31BA5B2290013BC9C /* Base */,
			);
			name = LaunchScreen.xib;
			sourceTree = "<group>";
		};
/* End PBXVariantGroup section */

/* Begin XCBuildConfiguration section */
		24ECF4011BA5B2290013BC9C /* Debug */ = {
			isa = XCBuildConfiguration;
			buildSettings = {
				ALWAYS_SEARCH_USER_PATHS = NO;
				CLANG_CXX_LANGUAGE_STANDARD = "gnu++0x";
				CLANG_CXX_LIBRARY = "libc++";
				CLANG_ENABLE_MODULES = YES;
				CLANG_ENABLE_OBJC_ARC = YES;
				CLANG_WARN_BOOL_CONVERSION = YES;
				CLANG_WARN_CONSTANT_CONVERSION = YES;
				CLANG_WARN_DIRECT_OBJC_ISA_USAGE = YES_ERROR;
				CLANG_WARN_EMPTY_BODY = YES;
				CLANG_WARN_ENUM_CONVERSION = YES;
				CLANG_WARN_INT_CONVERSION = YES;
				CLANG_WARN_OBJC_ROOT_CLASS = YES_ERROR;
				CLANG_WARN_UNREACHABLE_CODE = YES;
				CLANG_WARN__DUPLICATE_METHOD_MATCH = YES;
				"CODE_SIGN_IDENTITY[sdk=iphoneos*]" = "iPhone Developer";
				COPY_PHASE_STRIP = NO;
				DEBUG_INFORMATION_FORMAT = "dwarf-with-dsym";
				ENABLE_STRICT_OBJC_MSGSEND = YES;
				GCC_C_LANGUAGE_STANDARD = gnu99;
				GCC_DYNAMIC_NO_PIC = NO;
				GCC_NO_COMMON_BLOCKS = YES;
				GCC_OPTIMIZATION_LEVEL = 0;
				GCC_PREPROCESSOR_DEFINITIONS = (
					"DEBUG=1",
					"$(inherited)",
				);
				GCC_SYMBOLS_PRIVATE_EXTERN = NO;
				GCC_WARN_64_TO_32_BIT_CONVERSION = YES;
				GCC_WARN_ABOUT_RETURN_TYPE = YES_ERROR;
				GCC_WARN_UNDECLARED_SELECTOR = YES;
				GCC_WARN_UNINITIALIZED_AUTOS = YES_AGGRESSIVE;
				GCC_WARN_UNUSED_FUNCTION = YES;
				GCC_WARN_UNUSED_VARIABLE = YES;
				IPHONEOS_DEPLOYMENT_TARGET = 8.4;
				MTL_ENABLE_DEBUG_INFO = YES;
				ONLY_ACTIVE_ARCH = YES;
				SDKROOT = iphoneos;
				SWIFT_OPTIMIZATION_LEVEL = "-Onone";
			};
			name = Debug;
		};
		24ECF4021BA5B2290013BC9C /* Release */ = {
			isa = XCBuildConfiguration;
			buildSettings = {
				ALWAYS_SEARCH_USER_PATHS = NO;
				CLANG_CXX_LANGUAGE_STANDARD = "gnu++0x";
				CLANG_CXX_LIBRARY = "libc++";
				CLANG_ENABLE_MODULES = YES;
				CLANG_ENABLE_OBJC_ARC = YES;
				CLANG_WARN_BOOL_CONVERSION = YES;
				CLANG_WARN_CONSTANT_CONVERSION = YES;
				CLANG_WARN_DIRECT_OBJC_ISA_USAGE = YES_ERROR;
				CLANG_WARN_EMPTY_BODY = YES;
				CLANG_WARN_ENUM_CONVERSION = YES;
				CLANG_WARN_INT_CONVERSION = YES;
				CLANG_WARN_OBJC_ROOT_CLASS = YES_ERROR;
				CLANG_WARN_UNREACHABLE_CODE = YES;
				CLANG_WARN__DUPLICATE_METHOD_MATCH = YES;
				"CODE_SIGN_IDENTITY[sdk=iphoneos*]" = "iPhone Developer";
				COPY_PHASE_STRIP = NO;
				DEBUG_INFORMATION_FORMAT = "dwarf-with-dsym";
				ENABLE_NS_ASSERTIONS = NO;
				ENABLE_STRICT_OBJC_MSGSEND = YES;
				GCC_C_LANGUAGE_STANDARD = gnu99;
				GCC_NO_COMMON_BLOCKS = YES;
				GCC_WARN_64_TO_32_BIT_CONVERSION = YES;
				GCC_WARN_ABOUT_RETURN_TYPE = YES_ERROR;
				GCC_WARN_UNDECLARED_SELECTOR = YES;
				GCC_WARN_UNINITIALIZED_AUTOS = YES_AGGRESSIVE;
				GCC_WARN_UNUSED_FUNCTION = YES;
				GCC_WARN_UNUSED_VARIABLE = YES;
				IPHONEOS_DEPLOYMENT_TARGET = 8.4;
				MTL_ENABLE_DEBUG_INFO = NO;
				SDKROOT = iphoneos;
				VALIDATE_PRODUCT = YES;
			};
			name = Release;
		};
		24ECF4041BA5B2290013BC9C /* Debug */ = {
			isa = XCBuildConfiguration;
			buildSettings = {
				ASSETCATALOG_COMPILER_APPICON_NAME = AppIcon;
				INFOPLIST_FILE = WelcomeVIewByScrollView/Info.plist;
				LD_RUNPATH_SEARCH_PATHS = "$(inherited) @executable_path/Frameworks";
				PRODUCT_NAME = "$(TARGET_NAME)";
			};
			name = Debug;
		};
		24ECF4051BA5B2290013BC9C /* Release */ = {
			isa = XCBuildConfiguration;
			buildSettings = {
				ASSETCATALOG_COMPILER_APPICON_NAME = AppIcon;
				INFOPLIST_FILE = WelcomeVIewByScrollView/Info.plist;
				LD_RUNPATH_SEARCH_PATHS = "$(inherited) @executable_path/Frameworks";
				PRODUCT_NAME = "$(TARGET_NAME)";
			};
			name = Release;
		};
		24ECF4071BA5B2290013BC9C /* Debug */ = {
			isa = XCBuildConfiguration;
			buildSettings = {
				BUNDLE_LOADER = "$(TEST_HOST)";
				FRAMEWORK_SEARCH_PATHS = (
					"$(SDKROOT)/Developer/Library/Frameworks",
					"$(inherited)",
				);
				GCC_PREPROCESSOR_DEFINITIONS = (
					"DEBUG=1",
					"$(inherited)",
				);
				INFOPLIST_FILE = WelcomeVIewByScrollViewTests/Info.plist;
				LD_RUNPATH_SEARCH_PATHS = "$(inherited) @executable_path/Frameworks @loader_path/Frameworks";
				PRODUCT_NAME = "$(TARGET_NAME)";
				TEST_HOST = "$(BUILT_PRODUCTS_DIR)/WelcomeVIewByScrollView.app/WelcomeVIewByScrollView";
			};
			name = Debug;
		};
		24ECF4081BA5B2290013BC9C /* Release */ = {
			isa = XCBuildConfiguration;
			buildSettings = {
				BUNDLE_LOADER = "$(TEST_HOST)";
				FRAMEWORK_SEARCH_PATHS = (
					"$(SDKROOT)/Developer/Library/Frameworks",
					"$(inherited)",
				);
				INFOPLIST_FILE = WelcomeVIewByScrollViewTests/Info.plist;
				LD_RUNPATH_SEARCH_PATHS = "$(inherited) @executable_path/Frameworks @loader_path/Frameworks";
				PRODUCT_NAME = "$(TARGET_NAME)";
				TEST_HOST = "$(BUILT_PRODUCTS_DIR)/WelcomeVIewByScrollView.app/WelcomeVIewByScrollView";
			};
			name = Release;
		};
/* End XCBuildConfiguration section */

/* Begin XCConfigurationList section */
		24ECF3DF1BA5B2290013BC9C /* Build configuration list for PBXProject "WelcomeVIewByScrollView" */ = {
			isa = XCConfigurationList;
			buildConfigurations = (
				24ECF4011BA5B2290013BC9C /* Debug */,
				24ECF4021BA5B2290013BC9C /* Release */,
			);
			defaultConfigurationIsVisible = 0;
			defaultConfigurationName = Release;
		};
		24ECF4031BA5B2290013BC9C /* Build configuration list for PBXNativeTarget "WelcomeVIewByScrollView" */ = {
			isa = XCConfigurationList;
			buildConfigurations = (
				24ECF4041BA5B2290013BC9C /* Debug */,
				24ECF4051BA5B2290013BC9C /* Release */,
			);
			defaultConfigurationIsVisible = 0;
		};
		24ECF4061BA5B2290013BC9C /* Build configuration list for PBXNativeTarget "WelcomeVIewByScrollViewTests" */ = {
			isa = XCConfigurationList;
			buildConfigurations = (
				24ECF4071BA5B2290013BC9C /* Debug */,
				24ECF4081BA5B2290013BC9C /* Release */,
			);
			defaultConfigurationIsVisible = 0;
		};
/* End XCConfigurationList section */
	};
	rootObject = 24ECF3DC1BA5B2290013BC9C /* Project object */;
}
